
Microsoft Visual Studio Solution File, Format Version 12.00
# Visual Studio Version 17
VisualStudioVersion = 17.1.32210.238
MinimumVisualStudioVersion = 10.0.40219.1
Project("{FAE04EC0-301F-11D3-BF4B-00C04F79EFBC}") = "UTS_1302201132", "UTS_1302201132\UTS_1302201132.csproj", "{935A1197-CD84-4009-8402-ED04417EA762}"
EndProject
Global
	GlobalSection(SolutionConfigurationPlatforms) = preSolution
		Debug|Any CPU = Debug|Any CPU
		Release|Any CPU = Release|Any CPU
	EndGlobalSection
	GlobalSection(ProjectConfigurationPlatforms) = postSolution
		{935A1197-CD84-4009-8402-ED04417EA762}.Debug|Any CPU.ActiveCfg = Debug|Any CPU
		{935A1197-CD84-4009-8402-ED04417EA762}.Debug|Any CPU.Build.0 = Debug|Any CPU
		{935A1197-CD84-4009-8402-ED04417EA762}.Release|Any CPU.ActiveCfg = Release|Any CPU
		{935A1197-CD84-4009-8402-ED04417EA762}.Release|Any CPU.Build.0 = Release|Any CPU
	EndGlobalSection
	GlobalSection(SolutionProperties) = preSolution
		HideSolutionNode = FALSE
	EndGlobalSection
	GlobalSection(ExtensibilityGlobals) = postSolution
		SolutionGuid = {36CE113A-E9EB-4A3A-928E-37DE63DF7B51}
	EndGlobalSection
EndGlobal
